{
  "version": 4,
  "terraform_version": "1.2.4",
  "serial": 4,
  "lineage": "f02c8364-b9f7-1b07-47e5-2a0cc767c384",
  "outputs": {},
  "resources": [
    {
      "mode": "managed",
      "type": "aws_ecr_repository",
      "name": "repository",
      "provider": "provider[\"registry.terraform.io/hashicorp/aws\"]",
      "instances": [
        {
          "schema_version": 0,
          "attributes": {
            "arn": "arn:aws:ecr:us-east-1:013683865476:repository/fomiller-poggers",
            "encryption_configuration": [
              {
                "encryption_type": "AES256",
                "kms_key": ""
              }
            ],
            "id": "fomiller-poggers",
            "image_scanning_configuration": [
              {
                "scan_on_push": true
              }
            ],
            "image_tag_mutability": "MUTABLE",
            "name": "fomiller-poggers",
            "registry_id": "013683865476",
            "repository_url": "013683865476.dkr.ecr.us-east-1.amazonaws.com/fomiller-poggers",
            "tags": null,
            "tags_all": {},
            "timeouts": null
          },
          "sensitive_attributes": [],
          "private": "eyJlMmJmYjczMC1lY2FhLTExZTYtOGY4OC0zNDM2M2JjN2M0YzAiOnsiZGVsZXRlIjoxMjAwMDAwMDAwMDAwfX0="
        }
      ]
    }
  ]
}
